{
  "requires": true,
  "lockfileVersion": 1,
  "dependencies": {
    "eventemitter3": {
      "version": "3.1.2",
      "resolved": "https://registry.npmjs.org/eventemitter3/-/eventemitter3-3.1.2.tgz",
      "integrity": "sha512-tvtQIeLVHjDkJYnzf2dgVMxfuSGJeM/7UCG17TT4EumTfNtF+0nebF/4zWOIkCreAbtNqhGEboB6BWrwqNaw4Q=="
    },
    "lokijs": {
      "version": "1.5.8",
      "resolved": "https://registry.npmjs.org/lokijs/-/lokijs-1.5.8.tgz",
      "integrity": "sha512-D8E3TBrY35o1ELnonp2MF8b3wKu2tVNl2TqRjvS+95oPMMe7OoIAxNY1qr+5BEZwnWn2V4ErAjVt000DonM+FA=="
    },
    "papaparse": {
      "version": "4.6.3",
      "resolved": "https://registry.npmjs.org/papaparse/-/papaparse-4.6.3.tgz",
      "integrity": "sha512-LRq7BrHC2kHPBYSD50aKuw/B/dGcg29omyJbKWY3KsYUZU69RKwaBHu13jGmCYBtOc4odsLCrFyk6imfyNubJQ=="
    },
    "phaser3-rex-plugins": {
      "version": "1.1.16",
      "resolved": "https://registry.npmjs.org/phaser3-rex-plugins/-/phaser3-rex-plugins-1.1.16.tgz",
      "integrity": "sha512-2cC2yu4DH7MEY4Z+c3ac3Y49dFxzsY1hl9Vptn19JC/cdydsQZsVVF+Bs+rcBzTr0MaWxrOWiMk1D/Yyf/1icA==",
      "requires": {
        "eventemitter3": "^3.1.2",
        "lokijs": "^1.5.8",
        "papaparse": "^4.6.3",
        "webfontloader": "^1.6.28"
      }
    },
    "webfontloader": {
      "version": "1.6.28",
      "resolved": "https://registry.npmjs.org/webfontloader/-/webfontloader-1.6.28.tgz",
      "integrity": "sha1-23hhKSU8tujq5UwvsF+HCvZnW64="
    }
  }
}
